// !$*UTF8*$!
{
	archiveVersion = 1;
	classes = {
	};
	objectVersion = 46;
	objects = {

/* Begin PBXBuildFile section */
		3316A1391D39B75500B2A753 /* libLISNR-SDK-iOS.a in Frameworks */ = {isa = PBXBuildFile; fileRef = 3316A1311D39B75500B2A753 /* libLISNR-SDK-iOS.a */; };
		3316A13C1D39B79000B2A753 /* AVFoundation.framework in Frameworks */ = {isa = PBXBuildFile; fileRef = 3316A13B1D39B79000B2A753 /* AVFoundation.framework */; };
		3316A13E1D39B79800B2A753 /* AdSupport.framework in Frameworks */ = {isa = PBXBuildFile; fileRef = 3316A13D1D39B79800B2A753 /* AdSupport.framework */; };
		3316A1401D39B7A100B2A753 /* UIKit.framework in Frameworks */ = {isa = PBXBuildFile; fileRef = 3316A13F1D39B7A100B2A753 /* UIKit.framework */; };
		3316A1421D39B7AD00B2A753 /* MediaPlayer.framework in Frameworks */ = {isa = PBXBuildFile; fileRef = 3316A1411D39B7AD00B2A753 /* MediaPlayer.framework */; };
		BD8A946D1D39515100DF8D86 /* AppDelegate.swift in Sources */ = {isa = PBXBuildFile; fileRef = BD8A946C1D39515100DF8D86 /* AppDelegate.swift */; };
		BD8A946F1D39515100DF8D86 /* ViewController.swift in Sources */ = {isa = PBXBuildFile; fileRef = BD8A946E1D39515100DF8D86 /* ViewController.swift */; };
		BD8A94721D39515100DF8D86 /* Main.storyboard in Resources */ = {isa = PBXBuildFile; fileRef = BD8A94701D39515100DF8D86 /* Main.storyboard */; };
		BD8A94771D39515100DF8D86 /* LaunchScreen.storyboard in Resources */ = {isa = PBXBuildFile; fileRef = BD8A94751D39515100DF8D86 /* LaunchScreen.storyboard */; };
		BD8A94821D39515100DF8D86 /* FW_hack_lisnrTests.swift in Sources */ = {isa = PBXBuildFile; fileRef = BD8A94811D39515100DF8D86 /* FW_hack_lisnrTests.swift */; };
		BD8A948D1D39515100DF8D86 /* FW_hack_lisnrUITests.swift in Sources */ = {isa = PBXBuildFile; fileRef = BD8A948C1D39515100DF8D86 /* FW_hack_lisnrUITests.swift */; };
		BD8A949B1D397BB500DF8D86 /* Images.xcassets in Resources */ = {isa = PBXBuildFile; fileRef = BD8A949A1D397BB500DF8D86 /* Images.xcassets */; };
		BD8A949D1D397C5500DF8D86 /* CustomOverlayView.xib in Resources */ = {isa = PBXBuildFile; fileRef = BD8A949C1D397C5500DF8D86 /* CustomOverlayView.xib */; };
		BD8A94A01D397C5E00DF8D86 /* BackgroundAnimationViewController.swift in Sources */ = {isa = PBXBuildFile; fileRef = BD8A949E1D397C5E00DF8D86 /* BackgroundAnimationViewController.swift */; };
		BD8A94A11D397C5E00DF8D86 /* BackgroundKolodaAnimator.swift in Sources */ = {isa = PBXBuildFile; fileRef = BD8A949F1D397C5E00DF8D86 /* BackgroundKolodaAnimator.swift */; };
		BD8A94A31D397C6A00DF8D86 /* ExampleOverlayView.swift in Sources */ = {isa = PBXBuildFile; fileRef = BD8A94A21D397C6A00DF8D86 /* ExampleOverlayView.swift */; };
		BD8A94A61D397C7200DF8D86 /* CustomKolodaView.swift in Sources */ = {isa = PBXBuildFile; fileRef = BD8A94A41D397C7200DF8D86 /* CustomKolodaView.swift */; };
		BD8A94A71D397C7200DF8D86 /* CustomOverlayView.swift in Sources */ = {isa = PBXBuildFile; fileRef = BD8A94A51D397C7200DF8D86 /* CustomOverlayView.swift */; };
		BD8A94AA1D3984C900DF8D86 /* OverlayView.xib in Resources */ = {isa = PBXBuildFile; fileRef = BD8A94A81D3984C900DF8D86 /* OverlayView.xib */; };
		BD8A94B01D39BBFE00DF8D86 /* ActionsViewController.swift in Sources */ = {isa = PBXBuildFile; fileRef = BD8A94AF1D39BBFE00DF8D86 /* ActionsViewController.swift */; };
		BD8A94B21D39CE0600DF8D86 /* SharedData.swift in Sources */ = {isa = PBXBuildFile; fileRef = BD8A94B11D39CE0600DF8D86 /* SharedData.swift */; };
		F0D8455205AA736CFC6EF1B9 /* Pods_FW_hack_lisnr.framework in Frameworks */ = {isa = PBXBuildFile; fileRef = C1914A3BD1EF4325D5914D46 /* Pods_FW_hack_lisnr.framework */; };
/* End PBXBuildFile section */

/* Begin PBXContainerItemProxy section */
		BD8A947E1D39515100DF8D86 /* PBXContainerItemProxy */ = {
			isa = PBXContainerItemProxy;
			containerPortal = BD8A94611D39515100DF8D86 /* Project object */;
			proxyType = 1;
			remoteGlobalIDString = BD8A94681D39515100DF8D86;
			remoteInfo = FW_hack_lisnr;
		};
		BD8A94891D39515100DF8D86 /* PBXContainerItemProxy */ = {
			isa = PBXContainerItemProxy;
			containerPortal = BD8A94611D39515100DF8D86 /* Project object */;
			proxyType = 1;
			remoteGlobalIDString = BD8A94681D39515100DF8D86;
			remoteInfo = FW_hack_lisnr;
		};
/* End PBXContainerItemProxy section */

/* Begin PBXFileReference section */
		3316A1311D39B75500B2A753 /* libLISNR-SDK-iOS.a */ = {isa = PBXFileReference; lastKnownFileType = archive.ar; path = "libLISNR-SDK-iOS.a"; sourceTree = "<group>"; };
		3316A1321D39B75500B2A753 /* LISNRContentManager.h */ = {isa = PBXFileReference; fileEncoding = 4; lastKnownFileType = sourcecode.c.h; path = LISNRContentManager.h; sourceTree = "<group>"; };
		3316A1331D39B75500B2A753 /* LISNRContentProtocols.h */ = {isa = PBXFileReference; fileEncoding = 4; lastKnownFileType = sourcecode.c.h; path = LISNRContentProtocols.h; sourceTree = "<group>"; };
		3316A1341D39B75500B2A753 /* LISNRDataTone.h */ = {isa = PBXFileReference; fileEncoding = 4; lastKnownFileType = sourcecode.c.h; path = LISNRDataTone.h; sourceTree = "<group>"; };
		3316A1351D39B75500B2A753 /* LISNRService.h */ = {isa = PBXFileReference; fileEncoding = 4; lastKnownFileType = sourcecode.c.h; path = LISNRService.h; sourceTree = "<group>"; };
		3316A1361D39B75500B2A753 /* LISNRSmartListeningManager.h */ = {isa = PBXFileReference; fileEncoding = 4; lastKnownFileType = sourcecode.c.h; path = LISNRSmartListeningManager.h; sourceTree = "<group>"; };
		3316A1371D39B75500B2A753 /* LISNRTextTone.h */ = {isa = PBXFileReference; fileEncoding = 4; lastKnownFileType = sourcecode.c.h; path = LISNRTextTone.h; sourceTree = "<group>"; };
		3316A1381D39B75500B2A753 /* LISNRTone.h */ = {isa = PBXFileReference; fileEncoding = 4; lastKnownFileType = sourcecode.c.h; path = LISNRTone.h; sourceTree = "<group>"; };
		3316A13A1D39B77500B2A753 /* Bridging-Header.h */ = {isa = PBXFileReference; fileEncoding = 4; lastKnownFileType = sourcecode.c.h; path = "Bridging-Header.h"; sourceTree = "<group>"; };
		3316A13B1D39B79000B2A753 /* AVFoundation.framework */ = {isa = PBXFileReference; lastKnownFileType = wrapper.framework; name = AVFoundation.framework; path = System/Library/Frameworks/AVFoundation.framework; sourceTree = SDKROOT; };
		3316A13D1D39B79800B2A753 /* AdSupport.framework */ = {isa = PBXFileReference; lastKnownFileType = wrapper.framework; name = AdSupport.framework; path = System/Library/Frameworks/AdSupport.framework; sourceTree = SDKROOT; };
		3316A13F1D39B7A100B2A753 /* UIKit.framework */ = {isa = PBXFileReference; lastKnownFileType = wrapper.framework; name = UIKit.framework; path = System/Library/Frameworks/UIKit.framework; sourceTree = SDKROOT; };
		3316A1411D39B7AD00B2A753 /* MediaPlayer.framework */ = {isa = PBXFileReference; lastKnownFileType = wrapper.framework; name = MediaPlayer.framework; path = System/Library/Frameworks/MediaPlayer.framework; sourceTree = SDKROOT; };
		70FE137AC98F76F8520B7D3E /* Pods_FW_hack_lisnrTests.framework */ = {isa = PBXFileReference; explicitFileType = wrapper.framework; includeInIndex = 0; path = Pods_FW_hack_lisnrTests.framework; sourceTree = BUILT_PRODUCTS_DIR; };
		A7BE1A106884E5357E6A5395 /* Pods_FW_hack_lisnrUITests.framework */ = {isa = PBXFileReference; explicitFileType = wrapper.framework; includeInIndex = 0; path = Pods_FW_hack_lisnrUITests.framework; sourceTree = BUILT_PRODUCTS_DIR; };
		BD8A94691D39515100DF8D86 /* FW_hack_lisnr.app */ = {isa = PBXFileReference; explicitFileType = wrapper.application; includeInIndex = 0; path = FW_hack_lisnr.app; sourceTree = BUILT_PRODUCTS_DIR; };
		BD8A946C1D39515100DF8D86 /* AppDelegate.swift */ = {isa = PBXFileReference; lastKnownFileType = sourcecode.swift; path = AppDelegate.swift; sourceTree = "<group>"; };
		BD8A946E1D39515100DF8D86 /* ViewController.swift */ = {isa = PBXFileReference; lastKnownFileType = sourcecode.swift; path = ViewController.swift; sourceTree = "<group>"; };
		BD8A94711D39515100DF8D86 /* Base */ = {isa = PBXFileReference; lastKnownFileType = file.storyboard; name = Base; path = Base.lproj/Main.storyboard; sourceTree = "<group>"; };
		BD8A94761D39515100DF8D86 /* Base */ = {isa = PBXFileReference; lastKnownFileType = file.storyboard; name = Base; path = Base.lproj/LaunchScreen.storyboard; sourceTree = "<group>"; };
		BD8A94781D39515100DF8D86 /* Info.plist */ = {isa = PBXFileReference; lastKnownFileType = text.plist.xml; path = Info.plist; sourceTree = "<group>"; };
		BD8A947D1D39515100DF8D86 /* FW_hack_lisnrTests.xctest */ = {isa = PBXFileReference; explicitFileType = wrapper.cfbundle; includeInIndex = 0; path = FW_hack_lisnrTests.xctest; sourceTree = BUILT_PRODUCTS_DIR; };
		BD8A94811D39515100DF8D86 /* FW_hack_lisnrTests.swift */ = {isa = PBXFileReference; lastKnownFileType = sourcecode.swift; path = FW_hack_lisnrTests.swift; sourceTree = "<group>"; };
		BD8A94831D39515100DF8D86 /* Info.plist */ = {isa = PBXFileReference; lastKnownFileType = text.plist.xml; path = Info.plist; sourceTree = "<group>"; };
		BD8A94881D39515100DF8D86 /* FW_hack_lisnrUITests.xctest */ = {isa = PBXFileReference; explicitFileType = wrapper.cfbundle; includeInIndex = 0; path = FW_hack_lisnrUITests.xctest; sourceTree = BUILT_PRODUCTS_DIR; };
		BD8A948C1D39515100DF8D86 /* FW_hack_lisnrUITests.swift */ = {isa = PBXFileReference; lastKnownFileType = sourcecode.swift; path = FW_hack_lisnrUITests.swift; sourceTree = "<group>"; };
		BD8A948E1D39515100DF8D86 /* Info.plist */ = {isa = PBXFileReference; lastKnownFileType = text.plist.xml; path = Info.plist; sourceTree = "<group>"; };
		BD8A949A1D397BB500DF8D86 /* Images.xcassets */ = {isa = PBXFileReference; lastKnownFileType = folder.assetcatalog; path = Images.xcassets; sourceTree = "<group>"; };
		BD8A949C1D397C5500DF8D86 /* CustomOverlayView.xib */ = {isa = PBXFileReference; fileEncoding = 4; lastKnownFileType = file.xib; path = CustomOverlayView.xib; sourceTree = "<group>"; };
		BD8A949E1D397C5E00DF8D86 /* BackgroundAnimationViewController.swift */ = {isa = PBXFileReference; fileEncoding = 4; lastKnownFileType = sourcecode.swift; path = BackgroundAnimationViewController.swift; sourceTree = "<group>"; };
		BD8A949F1D397C5E00DF8D86 /* BackgroundKolodaAnimator.swift */ = {isa = PBXFileReference; fileEncoding = 4; lastKnownFileType = sourcecode.swift; path = BackgroundKolodaAnimator.swift; sourceTree = "<group>"; };
		BD8A94A21D397C6A00DF8D86 /* ExampleOverlayView.swift */ = {isa = PBXFileReference; fileEncoding = 4; lastKnownFileType = sourcecode.swift; path = ExampleOverlayView.swift; sourceTree = "<group>"; };
		BD8A94A41D397C7200DF8D86 /* CustomKolodaView.swift */ = {isa = PBXFileReference; fileEncoding = 4; lastKnownFileType = sourcecode.swift; path = CustomKolodaView.swift; sourceTree = "<group>"; };
		BD8A94A51D397C7200DF8D86 /* CustomOverlayView.swift */ = {isa = PBXFileReference; fileEncoding = 4; lastKnownFileType = sourcecode.swift; path = CustomOverlayView.swift; sourceTree = "<group>"; };
		BD8A94A91D3984C900DF8D86 /* Base */ = {isa = PBXFileReference; lastKnownFileType = file.xib; name = Base; path = Base.lproj/OverlayView.xib; sourceTree = "<group>"; };
		BD8A94AF1D39BBFE00DF8D86 /* ActionsViewController.swift */ = {isa = PBXFileReference; fileEncoding = 4; lastKnownFileType = sourcecode.swift; name = ActionsViewController.swift; path = ../ActionsViewController.swift; sourceTree = "<group>"; };
		BD8A94B11D39CE0600DF8D86 /* SharedData.swift */ = {isa = PBXFileReference; fileEncoding = 4; lastKnownFileType = sourcecode.swift; path = SharedData.swift; sourceTree = "<group>"; };
		C1914A3BD1EF4325D5914D46 /* Pods_FW_hack_lisnr.framework */ = {isa = PBXFileReference; explicitFileType = wrapper.framework; includeInIndex = 0; path = Pods_FW_hack_lisnr.framework; sourceTree = BUILT_PRODUCTS_DIR; };
		C9D5DA3E0687427AC8833962 /* Pods-FW_hack_lisnr.debug.xcconfig */ = {isa = PBXFileReference; includeInIndex = 1; lastKnownFileType = text.xcconfig; name = "Pods-FW_hack_lisnr.debug.xcconfig"; path = "Pods/Target Support Files/Pods-FW_hack_lisnr/Pods-FW_hack_lisnr.debug.xcconfig"; sourceTree = "<group>"; };
		FE082169D17153B7FEE1C078 /* Pods-FW_hack_lisnr.release.xcconfig */ = {isa = PBXFileReference; includeInIndex = 1; lastKnownFileType = text.xcconfig; name = "Pods-FW_hack_lisnr.release.xcconfig"; path = "Pods/Target Support Files/Pods-FW_hack_lisnr/Pods-FW_hack_lisnr.release.xcconfig"; sourceTree = "<group>"; };
/* End PBXFileReference section */

/* Begin PBXFrameworksBuildPhase section */
		BD8A94661D39515100DF8D86 /* Frameworks */ = {
			isa = PBXFrameworksBuildPhase;
			buildActionMask = 2147483647;
			files = (
				3316A1421D39B7AD00B2A753 /* MediaPlayer.framework in Frameworks */,
				3316A1401D39B7A100B2A753 /* UIKit.framework in Frameworks */,
				3316A13E1D39B79800B2A753 /* AdSupport.framework in Frameworks */,
				3316A13C1D39B79000B2A753 /* AVFoundation.framework in Frameworks */,
				F0D8455205AA736CFC6EF1B9 /* Pods_FW_hack_lisnr.framework in Frameworks */,
				3316A1391D39B75500B2A753 /* libLISNR-SDK-iOS.a in Frameworks */,
			);
			runOnlyForDeploymentPostprocessing = 0;
		};
		BD8A947A1D39515100DF8D86 /* Frameworks */ = {
			isa = PBXFrameworksBuildPhase;
			buildActionMask = 2147483647;
			files = (
			);
			runOnlyForDeploymentPostprocessing = 0;
		};
		BD8A94851D39515100DF8D86 /* Frameworks */ = {
			isa = PBXFrameworksBuildPhase;
			buildActionMask = 2147483647;
			files = (
			);
			runOnlyForDeploymentPostprocessing = 0;
		};
/* End PBXFrameworksBuildPhase section */

/* Begin PBXGroup section */
		3316A1301D39B73300B2A753 /* LISNR-SDK-iOS */ = {
			isa = PBXGroup;
			children = (
				3316A1311D39B75500B2A753 /* libLISNR-SDK-iOS.a */,
				3316A1321D39B75500B2A753 /* LISNRContentManager.h */,
				3316A1331D39B75500B2A753 /* LISNRContentProtocols.h */,
				3316A1341D39B75500B2A753 /* LISNRDataTone.h */,
				3316A1351D39B75500B2A753 /* LISNRService.h */,
				3316A1361D39B75500B2A753 /* LISNRSmartListeningManager.h */,
				3316A1371D39B75500B2A753 /* LISNRTextTone.h */,
				3316A1381D39B75500B2A753 /* LISNRTone.h */,
			);
			name = "LISNR-SDK-iOS";
			sourceTree = "<group>";
		};
		6E3BDB08D3D49E0CFE7818F7 /* Frameworks */ = {
			isa = PBXGroup;
			children = (
				3316A1411D39B7AD00B2A753 /* MediaPlayer.framework */,
				3316A13F1D39B7A100B2A753 /* UIKit.framework */,
				3316A13D1D39B79800B2A753 /* AdSupport.framework */,
				3316A13B1D39B79000B2A753 /* AVFoundation.framework */,
				C1914A3BD1EF4325D5914D46 /* Pods_FW_hack_lisnr.framework */,
				70FE137AC98F76F8520B7D3E /* Pods_FW_hack_lisnrTests.framework */,
				A7BE1A106884E5357E6A5395 /* Pods_FW_hack_lisnrUITests.framework */,
			);
			name = Frameworks;
			sourceTree = "<group>";
		};
		943DE97D80B1207CA7857415 /* Pods */ = {
			isa = PBXGroup;
			children = (
				C9D5DA3E0687427AC8833962 /* Pods-FW_hack_lisnr.debug.xcconfig */,
				FE082169D17153B7FEE1C078 /* Pods-FW_hack_lisnr.release.xcconfig */,
			);
			name = Pods;
			sourceTree = "<group>";
		};
		BD8A94601D39515100DF8D86 = {
			isa = PBXGroup;
			children = (
				BD8A946B1D39515100DF8D86 /* FW_hack_lisnr */,
				BD8A94801D39515100DF8D86 /* FW_hack_lisnrTests */,
				BD8A948B1D39515100DF8D86 /* FW_hack_lisnrUITests */,
				BD8A946A1D39515100DF8D86 /* Products */,
				943DE97D80B1207CA7857415 /* Pods */,
				6E3BDB08D3D49E0CFE7818F7 /* Frameworks */,
			);
			sourceTree = "<group>";
		};
		BD8A946A1D39515100DF8D86 /* Products */ = {
			isa = PBXGroup;
			children = (
				BD8A94691D39515100DF8D86 /* FW_hack_lisnr.app */,
				BD8A947D1D39515100DF8D86 /* FW_hack_lisnrTests.xctest */,
				BD8A94881D39515100DF8D86 /* FW_hack_lisnrUITests.xctest */,
			);
			name = Products;
			sourceTree = "<group>";
		};
		BD8A946B1D39515100DF8D86 /* FW_hack_lisnr */ = {
			isa = PBXGroup;
			children = (
				3316A1301D39B73300B2A753 /* LISNR-SDK-iOS */,
				BD8A946C1D39515100DF8D86 /* AppDelegate.swift */,
				BD8A946E1D39515100DF8D86 /* ViewController.swift */,
				BD8A94AF1D39BBFE00DF8D86 /* ActionsViewController.swift */,
				BD8A949E1D397C5E00DF8D86 /* BackgroundAnimationViewController.swift */,
				BD8A949F1D397C5E00DF8D86 /* BackgroundKolodaAnimator.swift */,
				BD8A94A21D397C6A00DF8D86 /* ExampleOverlayView.swift */,
				BD8A94A41D397C7200DF8D86 /* CustomKolodaView.swift */,
				BD8A94A51D397C7200DF8D86 /* CustomOverlayView.swift */,
				BD8A94701D39515100DF8D86 /* Main.storyboard */,
				BD8A949C1D397C5500DF8D86 /* CustomOverlayView.xib */,
				BD8A949A1D397BB500DF8D86 /* Images.xcassets */,
				BD8A94A81D3984C900DF8D86 /* OverlayView.xib */,
				BD8A94751D39515100DF8D86 /* LaunchScreen.storyboard */,
				BD8A94781D39515100DF8D86 /* Info.plist */,
				3316A13A1D39B77500B2A753 /* Bridging-Header.h */,
				BD8A94B11D39CE0600DF8D86 /* SharedData.swift */,
			);
			path = FW_hack_lisnr;
			sourceTree = "<group>";
		};
		BD8A94801D39515100DF8D86 /* FW_hack_lisnrTests */ = {
			isa = PBXGroup;
			children = (
				BD8A94811D39515100DF8D86 /* FW_hack_lisnrTests.swift */,
				BD8A94831D39515100DF8D86 /* Info.plist */,
			);
			path = FW_hack_lisnrTests;
			sourceTree = "<group>";
		};
		BD8A948B1D39515100DF8D86 /* FW_hack_lisnrUITests */ = {
			isa = PBXGroup;
			children = (
				BD8A948C1D39515100DF8D86 /* FW_hack_lisnrUITests.swift */,
				BD8A948E1D39515100DF8D86 /* Info.plist */,
			);
			path = FW_hack_lisnrUITests;
			sourceTree = "<group>";
		};
/* End PBXGroup section */

/* Begin PBXNativeTarget section */
		BD8A94681D39515100DF8D86 /* FW_hack_lisnr */ = {
			isa = PBXNativeTarget;
			buildConfigurationList = BD8A94911D39515100DF8D86 /* Build configuration list for PBXNativeTarget "FW_hack_lisnr" */;
			buildPhases = (
				38E4AF085FCDCAD5648360D3 /* [CP] Check Pods Manifest.lock */,
				BD8A94651D39515100DF8D86 /* Sources */,
				BD8A94661D39515100DF8D86 /* Frameworks */,
				BD8A94671D39515100DF8D86 /* Resources */,
				37E6AD9D3B44BAB3D2E3D12C /* [CP] Embed Pods Frameworks */,
				4E78054D0F2CCBF101C7AE17 /* [CP] Copy Pods Resources */,
			);
			buildRules = (
			);
			dependencies = (
			);
			name = FW_hack_lisnr;
			productName = FW_hack_lisnr;
			productReference = BD8A94691D39515100DF8D86 /* FW_hack_lisnr.app */;
			productType = "com.apple.product-type.application";
		};
		BD8A947C1D39515100DF8D86 /* FW_hack_lisnrTests */ = {
			isa = PBXNativeTarget;
			buildConfigurationList = BD8A94941D39515100DF8D86 /* Build configuration list for PBXNativeTarget "FW_hack_lisnrTests" */;
			buildPhases = (
				DA2E46A8543BE5C28E0AF669 /* [CP] Check Pods Manifest.lock */,
				BD8A94791D39515100DF8D86 /* Sources */,
				BD8A947A1D39515100DF8D86 /* Frameworks */,
				BD8A947B1D39515100DF8D86 /* Resources */,
				C526D23AFF56DCACD209524E /* [CP] Embed Pods Frameworks */,
				935BC325F1826BDCDAB238AC /* [CP] Copy Pods Resources */,
			);
			buildRules = (
			);
			dependencies = (
				BD8A947F1D39515100DF8D86 /* PBXTargetDependency */,
			);
			name = FW_hack_lisnrTests;
			productName = FW_hack_lisnrTests;
			productReference = BD8A947D1D39515100DF8D86 /* FW_hack_lisnrTests.xctest */;
			productType = "com.apple.product-type.bundle.unit-test";
		};
		BD8A94871D39515100DF8D86 /* FW_hack_lisnrUITests */ = {
			isa = PBXNativeTarget;
			buildConfigurationList = BD8A94971D39515100DF8D86 /* Build configuration list for PBXNativeTarget "FW_hack_lisnrUITests" */;
			buildPhases = (
				E59ADD0464FE47B7F83EF2C6 /* [CP] Check Pods Manifest.lock */,
				BD8A94841D39515100DF8D86 /* Sources */,
				BD8A94851D39515100DF8D86 /* Frameworks */,
				BD8A94861D39515100DF8D86 /* Resources */,
				E1F619832F84635BBA5FF720 /* [CP] Copy Pods Resources */,
			);
			buildRules = (
			);
			dependencies = (
				BD8A948A1D39515100DF8D86 /* PBXTargetDependency */,
			);
			name = FW_hack_lisnrUITests;
			productName = FW_hack_lisnrUITests;
			productReference = BD8A94881D39515100DF8D86 /* FW_hack_lisnrUITests.xctest */;
			productType = "com.apple.product-type.bundle.ui-testing";
		};
/* End PBXNativeTarget section */

/* Begin PBXProject section */
		BD8A94611D39515100DF8D86 /* Project object */ = {
			isa = PBXProject;
			attributes = {
				LastSwiftUpdateCheck = 0730;
				LastUpgradeCheck = 0730;
				ORGANIZATIONNAME = "Mengdi Chen";
				TargetAttributes = {
					BD8A94681D39515100DF8D86 = {
						CreatedOnToolsVersion = 7.3.1;
					};
					BD8A947C1D39515100DF8D86 = {
						CreatedOnToolsVersion = 7.3.1;
						TestTargetID = BD8A94681D39515100DF8D86;
					};
					BD8A94871D39515100DF8D86 = {
						CreatedOnToolsVersion = 7.3.1;
						TestTargetID = BD8A94681D39515100DF8D86;
					};
				};
			};
			buildConfigurationList = BD8A94641D39515100DF8D86 /* Build configuration list for PBXProject "FW_hack_lisnr" */;
			compatibilityVersion = "Xcode 3.2";
			developmentRegion = English;
			hasScannedForEncodings = 0;
			knownRegions = (
				en,
				Base,
			);
			mainGroup = BD8A94601D39515100DF8D86;
			productRefGroup = BD8A946A1D39515100DF8D86 /* Products */;
			projectDirPath = "";
			projectRoot = "";
			targets = (
				BD8A94681D39515100DF8D86 /* FW_hack_lisnr */,
				BD8A947C1D39515100DF8D86 /* FW_hack_lisnrTests */,
				BD8A94871D39515100DF8D86 /* FW_hack_lisnrUITests */,
			);
		};
/* End PBXProject section */

/* Begin PBXResourcesBuildPhase section */
		BD8A94671D39515100DF8D86 /* Resources */ = {
			isa = PBXResourcesBuildPhase;
			buildActionMask = 2147483647;
			files = (
				BD8A94771D39515100DF8D86 /* LaunchScreen.storyboard in Resources */,
				BD8A949B1D397BB500DF8D86 /* Images.xcassets in Resources */,
				BD8A94AA1D3984C900DF8D86 /* OverlayView.xib in Resources */,
				BD8A949D1D397C5500DF8D86 /* CustomOverlayView.xib in Resources */,
				BD8A94721D39515100DF8D86 /* Main.storyboard in Resources */,
			);
			runOnlyForDeploymentPostprocessing = 0;
		};
		BD8A947B1D39515100DF8D86 /* Resources */ = {
			isa = PBXResourcesBuildPhase;
			buildActionMask = 2147483647;
			files = (
			);
			runOnlyForDeploymentPostprocessing = 0;
		};
		BD8A94861D39515100DF8D86 /* Resources */ = {
			isa = PBXResourcesBuildPhase;
			buildActionMask = 2147483647;
			files = (
			);
			runOnlyForDeploymentPostprocessing = 0;
		};
/* End PBXResourcesBuildPhase section */

/* Begin PBXShellScriptBuildPhase section */
		37E6AD9D3B44BAB3D2E3D12C /* [CP] Embed Pods Frameworks */ = {
			isa = PBXShellScriptBuildPhase;
			buildActionMask = 2147483647;
			files = (
			);
			inputPaths = (
			);
			name = "[CP] Embed Pods Frameworks";
			outputPaths = (
			);
			runOnlyForDeploymentPostprocessing = 0;
			shellPath = /bin/sh;
			shellScript = "\"${SRCROOT}/Pods/Target Support Files/Pods-FW_hack_lisnr/Pods-FW_hack_lisnr-frameworks.sh\"\n";
			showEnvVarsInLog = 0;
		};
		38E4AF085FCDCAD5648360D3 /* [CP] Check Pods Manifest.lock */ = {
			isa = PBXShellScriptBuildPhase;
			buildActionMask = 2147483647;
			files = (
			);
			inputPaths = (
			);
			name = "[CP] Check Pods Manifest.lock";
			outputPaths = (
			);
			runOnlyForDeploymentPostprocessing = 0;
			shellPath = /bin/sh;
			shellScript = "diff \"${PODS_ROOT}/../Podfile.lock\" \"${PODS_ROOT}/Manifest.lock\" > /dev/null\nif [[ $? != 0 ]] ; then\n    cat << EOM\nerror: The sandbox is not in sync with the Podfile.lock. Run 'pod install' or update your CocoaPods installation.\nEOM\n    exit 1\nfi\n";
			showEnvVarsInLog = 0;
		};
		4E78054D0F2CCBF101C7AE17 /* [CP] Copy Pods Resources */ = {
			isa = PBXShellScriptBuildPhase;
			buildActionMask = 2147483647;
			files = (
			);
			inputPaths = (
			);
			name = "[CP] Copy Pods Resources";
			outputPaths = (
			);
			runOnlyForDeploymentPostprocessing = 0;
			shellPath = /bin/sh;
			shellScript = "\"${SRCROOT}/Pods/Target Support Files/Pods-FW_hack_lisnr/Pods-FW_hack_lisnr-resources.sh\"\n";
			showEnvVarsInLog = 0;
		};
		935BC325F1826BDCDAB238AC /* [CP] Copy Pods Resources */ = {
			isa = PBXShellScriptBuildPhase;
			buildActionMask = 2147483647;
			files = (
			);
			inputPaths = (
			);
			name = "[CP] Copy Pods Resources";
			outputPaths = (
			);
			runOnlyForDeploymentPostprocessing = 0;
			shellPath = /bin/sh;
			shellScript = "\"${SRCROOT}/Pods/Target Support Files/Pods-FW_hack_lisnrTests/Pods-FW_hack_lisnrTests-resources.sh\"\n";
			showEnvVarsInLog = 0;
		};
		C526D23AFF56DCACD209524E /* [CP] Embed Pods Frameworks */ = {
			isa = PBXShellScriptBuildPhase;
			buildActionMask = 2147483647;
			files = (
			);
			inputPaths = (
			);
			name = "[CP] Embed Pods Frameworks";
			outputPaths = (
			);
			runOnlyForDeploymentPostprocessing = 0;
			shellPath = /bin/sh;
			shellScript = "\"${SRCROOT}/Pods/Target Support Files/Pods-FW_hack_lisnrTests/Pods-FW_hack_lisnrTests-frameworks.sh\"\n";
			showEnvVarsInLog = 0;
		};
		DA2E46A8543BE5C28E0AF669 /* [CP] Check Pods Manifest.lock */ = {
			isa = PBXShellScriptBuildPhase;
			buildActionMask = 2147483647;
			files = (
			);
			inputPaths = (
			);
			name = "[CP] Check Pods Manifest.lock";
			outputPaths = (
			);
			runOnlyForDeploymentPostprocessing = 0;
			shellPath = /bin/sh;
			shellScript = "diff \"${PODS_ROOT}/../Podfile.lock\" \"${PODS_ROOT}/Manifest.lock\" > /dev/null\nif [[ $? != 0 ]] ; then\n    cat << EOM\nerror: The sandbox is not in sync with the Podfile.lock. Run 'pod install' or update your CocoaPods installation.\nEOM\n    exit 1\nfi\n";
			showEnvVarsInLog = 0;
		};
		E1F619832F84635BBA5FF720 /* [CP] Copy Pods Resources */ = {
			isa = PBXShellScriptBuildPhase;
			buildActionMask = 2147483647;
			files = (
			);
			inputPaths = (
			);
			name = "[CP] Copy Pods Resources";
			outputPaths = (
			);
			runOnlyForDeploymentPostprocessing = 0;
			shellPath = /bin/sh;
			shellScript = "\"${SRCROOT}/Pods/Target Support Files/Pods-FW_hack_lisnrUITests/Pods-FW_hack_lisnrUITests-resources.sh\"\n";
			showEnvVarsInLog = 0;
		};
		E59ADD0464FE47B7F83EF2C6 /* [CP] Check Pods Manifest.lock */ = {
			isa = PBXShellScriptBuildPhase;
			buildActionMask = 2147483647;
			files = (
			);
			inputPaths = (
			);
			name = "[CP] Check Pods Manifest.lock";
			outputPaths = (
			);
			runOnlyForDeploymentPostprocessing = 0;
			shellPath = /bin/sh;
			shellScript = "diff \"${PODS_ROOT}/../Podfile.lock\" \"${PODS_ROOT}/Manifest.lock\" > /dev/null\nif [[ $? != 0 ]] ; then\n    cat << EOM\nerror: The sandbox is not in sync with the Podfile.lock. Run 'pod install' or update your CocoaPods installation.\nEOM\n    exit 1\nfi\n";
			showEnvVarsInLog = 0;
		};
/* End PBXShellScriptBuildPhase section */

/* Begin PBXSourcesBuildPhase section */
		BD8A94651D39515100DF8D86 /* Sources */ = {
			isa = PBXSourcesBuildPhase;
			buildActionMask = 2147483647;
			files = (
				BD8A94B21D39CE0600DF8D86 /* SharedData.swift in Sources */,
				BD8A94A01D397C5E00DF8D86 /* BackgroundAnimationViewController.swift in Sources */,
				BD8A94A31D397C6A00DF8D86 /* ExampleOverlayView.swift in Sources */,
				BD8A94A71D397C7200DF8D86 /* CustomOverlayView.swift in Sources */,
				BD8A946F1D39515100DF8D86 /* ViewController.swift in Sources */,
				BD8A94A61D397C7200DF8D86 /* CustomKolodaView.swift in Sources */,
				BD8A94B01D39BBFE00DF8D86 /* ActionsViewController.swift in Sources */,
				BD8A94A11D397C5E00DF8D86 /* BackgroundKolodaAnimator.swift in Sources */,
				BD8A946D1D39515100DF8D86 /* AppDelegate.swift in Sources */,
			);
			runOnlyForDeploymentPostprocessing = 0;
		};
		BD8A94791D39515100DF8D86 /* Sources */ = {
			isa = PBXSourcesBuildPhase;
			buildActionMask = 2147483647;
			files = (
				BD8A94821D39515100DF8D86 /* FW_hack_lisnrTests.swift in Sources */,
			);
			runOnlyForDeploymentPostprocessing = 0;
		};
		BD8A94841D39515100DF8D86 /* Sources */ = {
			isa = PBXSourcesBuildPhase;
			buildActionMask = 2147483647;
			files = (
				BD8A948D1D39515100DF8D86 /* FW_hack_lisnrUITests.swift in Sources */,
			);
			runOnlyForDeploymentPostprocessing = 0;
		};
/* End PBXSourcesBuildPhase section */

/* Begin PBXTargetDependency section */
		BD8A947F1D39515100DF8D86 /* PBXTargetDependency */ = {
			isa = PBXTargetDependency;
			target = BD8A94681D39515100DF8D86 /* FW_hack_lisnr */;
			targetProxy = BD8A947E1D39515100DF8D86 /* PBXContainerItemProxy */;
		};
		BD8A948A1D39515100DF8D86 /* PBXTargetDependency */ = {
			isa = PBXTargetDependency;
			target = BD8A94681D39515100DF8D86 /* FW_hack_lisnr */;
			targetProxy = BD8A94891D39515100DF8D86 /* PBXContainerItemProxy */;
		};
/* End PBXTargetDependency section */

/* Begin PBXVariantGroup section */
		BD8A94701D39515100DF8D86 /* Main.storyboard */ = {
			isa = PBXVariantGroup;
			children = (
				BD8A94711D39515100DF8D86 /* Base */,
			);
			name = Main.storyboard;
			sourceTree = "<group>";
		};
		BD8A94751D39515100DF8D86 /* LaunchScreen.storyboard */ = {
			isa = PBXVariantGroup;
			children = (
				BD8A94761D39515100DF8D86 /* Base */,
			);
			name = LaunchScreen.storyboard;
			sourceTree = "<group>";
		};
		BD8A94A81D3984C900DF8D86 /* OverlayView.xib */ = {
			isa = PBXVariantGroup;
			children = (
				BD8A94A91D3984C900DF8D86 /* Base */,
			);
			name = OverlayView.xib;
			sourceTree = "<group>";
		};
/* End PBXVariantGroup section */

/* Begin XCBuildConfiguration section */
		BD8A948F1D39515100DF8D86 /* Debug */ = {
			isa = XCBuildConfiguration;
			buildSettings = {
				ALWAYS_SEARCH_USER_PATHS = NO;
				CLANG_ANALYZER_NONNULL = YES;
				CLANG_CXX_LANGUAGE_STANDARD = "gnu++0x";
				CLANG_CXX_LIBRARY = "libc++";
				CLANG_ENABLE_MODULES = YES;
				CLANG_ENABLE_OBJC_ARC = YES;
				CLANG_WARN_BOOL_CONVERSION = YES;
				CLANG_WARN_CONSTANT_CONVERSION = YES;
				CLANG_WARN_DIRECT_OBJC_ISA_USAGE = YES_ERROR;
				CLANG_WARN_EMPTY_BODY = YES;
				CLANG_WARN_ENUM_CONVERSION = YES;
				CLANG_WARN_INT_CONVERSION = YES;
				CLANG_WARN_OBJC_ROOT_CLASS = YES_ERROR;
				CLANG_WARN_UNREACHABLE_CODE = YES;
				CLANG_WARN__DUPLICATE_METHOD_MATCH = YES;
				"CODE_SIGN_IDENTITY[sdk=iphoneos*]" = "iPhone Developer";
				COPY_PHASE_STRIP = NO;
				DEBUG_INFORMATION_FORMAT = dwarf;
				ENABLE_STRICT_OBJC_MSGSEND = YES;
				ENABLE_TESTABILITY = YES;
				GCC_C_LANGUAGE_STANDARD = gnu99;
				GCC_DYNAMIC_NO_PIC = NO;
				GCC_NO_COMMON_BLOCKS = YES;
				GCC_OPTIMIZATION_LEVEL = 0;
				GCC_PREPROCESSOR_DEFINITIONS = (
					"DEBUG=1",
					"$(inherited)",
				);
				GCC_WARN_64_TO_32_BIT_CONVERSION = YES;
				GCC_WARN_ABOUT_RETURN_TYPE = YES_ERROR;
				GCC_WARN_UNDECLARED_SELECTOR = YES;
				GCC_WARN_UNINITIALIZED_AUTOS = YES_AGGRESSIVE;
				GCC_WARN_UNUSED_FUNCTION = YES;
				GCC_WARN_UNUSED_VARIABLE = YES;
				IPHONEOS_DEPLOYMENT_TARGET = 9.3;
				MTL_ENABLE_DEBUG_INFO = YES;
				ONLY_ACTIVE_ARCH = YES;
				SDKROOT = iphoneos;
				SWIFT_OPTIMIZATION_LEVEL = "-Onone";
			};
			name = Debug;
		};
		BD8A94901D39515100DF8D86 /* Release */ = {
			isa = XCBuildConfiguration;
			buildSettings = {
				ALWAYS_SEARCH_USER_PATHS = NO;
				CLANG_ANALYZER_NONNULL = YES;
				CLANG_CXX_LANGUAGE_STANDARD = "gnu++0x";
				CLANG_CXX_LIBRARY = "libc++";
				CLANG_ENABLE_MODULES = YES;
				CLANG_ENABLE_OBJC_ARC = YES;
				CLANG_WARN_BOOL_CONVERSION = YES;
				CLANG_WARN_CONSTANT_CONVERSION = YES;
				CLANG_WARN_DIRECT_OBJC_ISA_USAGE = YES_ERROR;
				CLANG_WARN_EMPTY_BODY = YES;
				CLANG_WARN_ENUM_CONVERSION = YES;
				CLANG_WARN_INT_CONVERSION = YES;
				CLANG_WARN_OBJC_ROOT_CLASS = YES_ERROR;
				CLANG_WARN_UNREACHABLE_CODE = YES;
				CLANG_WARN__DUPLICATE_METHOD_MATCH = YES;
				"CODE_SIGN_IDENTITY[sdk=iphoneos*]" = "iPhone Developer";
				COPY_PHASE_STRIP = NO;
				DEBUG_INFORMATION_FORMAT = "dwarf-with-dsym";
				ENABLE_NS_ASSERTIONS = NO;
				ENABLE_STRICT_OBJC_MSGSEND = YES;
				GCC_C_LANGUAGE_STANDARD = gnu99;
				GCC_NO_COMMON_BLOCKS = YES;
				GCC_WARN_64_TO_32_BIT_CONVERSION = YES;
				GCC_WARN_ABOUT_RETURN_TYPE = YES_ERROR;
				GCC_WARN_UNDECLARED_SELECTOR = YES;
				GCC_WARN_UNINITIALIZED_AUTOS = YES_AGGRESSIVE;
				GCC_WARN_UNUSED_FUNCTION = YES;
				GCC_WARN_UNUSED_VARIABLE = YES;
				IPHONEOS_DEPLOYMENT_TARGET = 9.3;
				MTL_ENABLE_DEBUG_INFO = NO;
				SDKROOT = iphoneos;
				VALIDATE_PRODUCT = YES;
			};
			name = Release;
		};
		BD8A94921D39515100DF8D86 /* Debug */ = {
			isa = XCBuildConfiguration;
			baseConfigurationReference = C9D5DA3E0687427AC8833962 /* Pods-FW_hack_lisnr.debug.xcconfig */;
			buildSettings = {
				ASSETCATALOG_COMPILER_APPICON_NAME = AppIcon;
				INFOPLIST_FILE = FW_hack_lisnr/Info.plist;
				LD_RUNPATH_SEARCH_PATHS = "$(inherited) @executable_path/Frameworks";
				LIBRARY_SEARCH_PATHS = (
					"$(inherited)",
					"$(PROJECT_DIR)/FW_hack_lisnr",
				);
				OTHER_LDFLAGS = (
					"$(inherited)",
					"-framework",
					"\"Koloda\"",
					"-framework",
					"\"pop\"",
					"-ObjC",
				);
				PRODUCT_BUNDLE_IDENTIFIER = "tv.FreeWheel.FW-hack-lisnr";
				PRODUCT_NAME = "$(TARGET_NAME)";
				SWIFT_OBJC_BRIDGING_HEADER = "Bridging-Header.h";
			};
			name = Debug;
		};
		BD8A94931D39515100DF8D86 /* Release */ = {
			isa = XCBuildConfiguration;
			baseConfigurationReference = FE082169D17153B7FEE1C078 /* Pods-FW_hack_lisnr.release.xcconfig */;
			buildSettings = {
				ASSETCATALOG_COMPILER_APPICON_NAME = AppIcon;
				INFOPLIST_FILE = FW_hack_lisnr/Info.plist;
				LD_RUNPATH_SEARCH_PATHS = "$(inherited) @executable_path/Frameworks";
				LIBRARY_SEARCH_PATHS = (
					"$(inherited)",
					"$(PROJECT_DIR)/FW_hack_lisnr",
				);
				OTHER_LDFLAGS = (
					"$(inherited)",
					"-framework",
					"\"Koloda\"",
					"-framework",
					"\"pop\"",
					"-ObjC",
				);
				PRODUCT_BUNDLE_IDENTIFIER = "tv.FreeWheel.FW-hack-lisnr";
				PRODUCT_NAME = "$(TARGET_NAME)";
				SWIFT_OBJC_BRIDGING_HEADER = "Bridging-Header.h";
			};
			name = Release;
		};
		BD8A94951D39515100DF8D86 /* Debug */ = {
			isa = XCBuildConfiguration;
			buildSettings = {
				BUNDLE_LOADER = "$(TEST_HOST)";
				INFOPLIST_FILE = FW_hack_lisnrTests/Info.plist;
				LD_RUNPATH_SEARCH_PATHS = "$(inherited) @executable_path/Frameworks @loader_path/Frameworks";
				PRODUCT_BUNDLE_IDENTIFIER = "FreeWheel.FW-hack-lisnrTests";
				PRODUCT_NAME = "$(TARGET_NAME)";
				TEST_HOST = "$(BUILT_PRODUCTS_DIR)/FW_hack_lisnr.app/FW_hack_lisnr";
			};
			name = Debug;
		};
		BD8A94961D39515100DF8D86 /* Release */ = {
			isa = XCBuildConfiguration;
			buildSettings = {
				BUNDLE_LOADER = "$(TEST_HOST)";
				INFOPLIST_FILE = FW_hack_lisnrTests/Info.plist;
				LD_RUNPATH_SEARCH_PATHS = "$(inherited) @executable_path/Frameworks @loader_path/Frameworks";
				PRODUCT_BUNDLE_IDENTIFIER = "FreeWheel.FW-hack-lisnrTests";
				PRODUCT_NAME = "$(TARGET_NAME)";
				TEST_HOST = "$(BUILT_PRODUCTS_DIR)/FW_hack_lisnr.app/FW_hack_lisnr";
			};
			name = Release;
		};
		BD8A94981D39515100DF8D86 /* Debug */ = {
			isa = XCBuildConfiguration;
			buildSettings = {
				INFOPLIST_FILE = FW_hack_lisnrUITests/Info.plist;
				LD_RUNPATH_SEARCH_PATHS = "$(inherited) @executable_path/Frameworks @loader_path/Frameworks";
				PRODUCT_BUNDLE_IDENTIFIER = "FreeWheel.FW-hack-lisnrUITests";
				PRODUCT_NAME = "$(TARGET_NAME)";
				TEST_TARGET_NAME = FW_hack_lisnr;
			};
			name = Debug;
		};
		BD8A94991D39515100DF8D86 /* Release */ = {
			isa = XCBuildConfiguration;
			buildSettings = {
				INFOPLIST_FILE = FW_hack_lisnrUITests/Info.plist;
				LD_RUNPATH_SEARCH_PATHS = "$(inherited) @executable_path/Frameworks @loader_path/Frameworks";
				PRODUCT_BUNDLE_IDENTIFIER = "FreeWheel.FW-hack-lisnrUITests";
				PRODUCT_NAME = "$(TARGET_NAME)";
				TEST_TARGET_NAME = FW_hack_lisnr;
			};
			name = Release;
		};
/* End XCBuildConfiguration section */

/* Begin XCConfigurationList section */
		BD8A94641D39515100DF8D86 /* Build configuration list for PBXProject "FW_hack_lisnr" */ = {
			isa = XCConfigurationList;
			buildConfigurations = (
				BD8A948F1D39515100DF8D86 /* Debug */,
				BD8A94901D39515100DF8D86 /* Release */,
			);
			defaultConfigurationIsVisible = 0;
			defaultConfigurationName = Release;
		};
		BD8A94911D39515100DF8D86 /* Build configuration list for PBXNativeTarget "FW_hack_lisnr" */ = {
			isa = XCConfigurationList;
			buildConfigurations = (
				BD8A94921D39515100DF8D86 /* Debug */,
				BD8A94931D39515100DF8D86 /* Release */,
			);
			defaultConfigurationIsVisible = 0;
			defaultConfigurationName = Release;
		};
		BD8A94941D39515100DF8D86 /* Build configuration list for PBXNativeTarget "FW_hack_lisnrTests" */ = {
			isa = XCConfigurationList;
			buildConfigurations = (
				BD8A94951D39515100DF8D86 /* Debug */,
				BD8A94961D39515100DF8D86 /* Release */,
			);
			defaultConfigurationIsVisible = 0;
			defaultConfigurationName = Release;
		};
		BD8A94971D39515100DF8D86 /* Build configuration list for PBXNativeTarget "FW_hack_lisnrUITests" */ = {
			isa = XCConfigurationList;
			buildConfigurations = (
				BD8A94981D39515100DF8D86 /* Debug */,
				BD8A94991D39515100DF8D86 /* Release */,
			);
			defaultConfigurationIsVisible = 0;
			defaultConfigurationName = Release;
		};
/* End XCConfigurationList section */
	};
	rootObject = BD8A94611D39515100DF8D86 /* Project object */;
}
